# This file is automatically @generated by Cargo.
# It is not intended for manual editing.
version = 3

[[package]]
name = "phoenix_rankings"
version = "0.1.0"
dependencies = [
 "skillratings",
]

[[package]]
name = "skillratings"
version = "0.27.0"
source = "registry+https://github.com/rust-lang/crates.io-index"
checksum = "c6fdddfb9a6fbecfe43d3d26837f364258f089e7e2ba8b90098b0a42d566feb9"
